
Microsoft Visual Studio Solution File, Format Version 12.00
# Visual Studio 15
VisualStudioVersion = 15.0.27703.2000
MinimumVisualStudioVersion = 10.0.40219.1
Project("{FAE04EC0-301F-11D3-BF4B-00C04F79EFBC}") = "MyPortfolio", "Project1\MyPortfolio.csproj", "{A7098BA7-9266-48E3-A130-A4C57F0CE79E}"
EndProject
Global
	GlobalSection(SolutionConfigurationPlatforms) = preSolution
		Debug|Any CPU = Debug|Any CPU
		Release|Any CPU = Release|Any CPU
	EndGlobalSection
	GlobalSection(ProjectConfigurationPlatforms) = postSolution
		{A7098BA7-9266-48E3-A130-A4C57F0CE79E}.Debug|Any CPU.ActiveCfg = Debug|Any CPU
		{A7098BA7-9266-48E3-A130-A4C57F0CE79E}.Debug|Any CPU.Build.0 = Debug|Any CPU
		{A7098BA7-9266-48E3-A130-A4C57F0CE79E}.Release|Any CPU.ActiveCfg = Release|Any CPU
		{A7098BA7-9266-48E3-A130-A4C57F0CE79E}.Release|Any CPU.Build.0 = Release|Any CPU
	EndGlobalSection
	GlobalSection(SolutionProperties) = preSolution
		HideSolutionNode = FALSE
	EndGlobalSection
	GlobalSection(ExtensibilityGlobals) = postSolution
		SolutionGuid = {B8C24B9B-E949-450E-A2CB-2DE1210A03E6}
	EndGlobalSection
EndGlobal
